
Microsoft Visual Studio Solution File, Format Version 12.00
# Visual Studio Version 18
VisualStudioVersion = 18.0.11205.157
MinimumVisualStudioVersion = 10.0.40219.1
Project("{F2A71F9B-5D33-465A-A702-920D77279786}") = "AgentNet", "AgentNet\AgentNet.fsproj", "{74092D90-FFA5-43C4-BB60-A37C262C2945}"
EndProject
Project("{FAE04EC0-301F-11D3-BF4B-00C04F79EFBC}") = "StockAdvisorCS", "StockAdvisorCS\StockAdvisorCS.csproj", "{8E26E559-572D-49A0-B93A-BC1654822304}"
EndProject
Project("{F2A71F9B-5D33-465A-A702-920D77279786}") = "StockAdvisorFS", "StockAdvisorFS\StockAdvisorFS.fsproj", "{FE46BC68-97B9-03A8-EFB6-87E3D8C0F33A}"
EndProject
Project("{F2A71F9B-5D33-465A-A702-920D77279786}") = "AgentNet.Tests", "AgentNet.Tests\AgentNet.Tests.fsproj", "{485A36C5-2AAD-49EC-B373-B551EF3F47DC}"
EndProject
Project("{F2A71F9B-5D33-465A-A702-920D77279786}") = "AgentNet.Durable", "AgentNet.Durable\AgentNet.Durable.fsproj", "{77588234-FD60-4071-9362-89B447D2A5E7}"
EndProject
Project("{FAE04EC0-301F-11D3-BF4B-00C04F79EFBC}") = "AgentNet.Interop", "AgentNet.Interop\AgentNet.Interop.csproj", "{3EC4FF59-596B-46A3-AB84-F952B4A664A1}"
EndProject
Global
	GlobalSection(SolutionConfigurationPlatforms) = preSolution
		Debug|Any CPU = Debug|Any CPU
		Debug|x64 = Debug|x64
		Debug|x86 = Debug|x86
		Release|Any CPU = Release|Any CPU
		Release|x64 = Release|x64
		Release|x86 = Release|x86
	EndGlobalSection
	GlobalSection(ProjectConfigurationPlatforms) = postSolution
		{74092D90-FFA5-43C4-BB60-A37C262C2945}.Debug|Any CPU.ActiveCfg = Debug|Any CPU
		{74092D90-FFA5-43C4-BB60-A37C262C2945}.Debug|Any CPU.Build.0 = Debug|Any CPU
		{74092D90-FFA5-43C4-BB60-A37C262C2945}.Debug|x64.ActiveCfg = Debug|Any CPU
		{74092D90-FFA5-43C4-BB60-A37C262C2945}.Debug|x64.Build.0 = Debug|Any CPU
		{74092D90-FFA5-43C4-BB60-A37C262C2945}.Debug|x86.ActiveCfg = Debug|Any CPU
		{74092D90-FFA5-43C4-BB60-A37C262C2945}.Debug|x86.Build.0 = Debug|Any CPU
		{74092D90-FFA5-43C4-BB60-A37C262C2945}.Release|Any CPU.ActiveCfg = Release|Any CPU
		{74092D90-FFA5-43C4-BB60-A37C262C2945}.Release|Any CPU.Build.0 = Release|Any CPU
		{74092D90-FFA5-43C4-BB60-A37C262C2945}.Release|x64.ActiveCfg = Release|Any CPU
		{74092D90-FFA5-43C4-BB60-A37C262C2945}.Release|x64.Build.0 = Release|Any CPU
		{74092D90-FFA5-43C4-BB60-A37C262C2945}.Release|x86.ActiveCfg = Release|Any CPU
		{74092D90-FFA5-43C4-BB60-A37C262C2945}.Release|x86.Build.0 = Release|Any CPU
		{8E26E559-572D-49A0-B93A-BC1654822304}.Debug|Any CPU.ActiveCfg = Debug|Any CPU
		{8E26E559-572D-49A0-B93A-BC1654822304}.Debug|Any CPU.Build.0 = Debug|Any CPU
		{8E26E559-572D-49A0-B93A-BC1654822304}.Debug|x64.ActiveCfg = Debug|Any CPU
		{8E26E559-572D-49A0-B93A-BC1654822304}.Debug|x64.Build.0 = Debug|Any CPU
		{8E26E559-572D-49A0-B93A-BC1654822304}.Debug|x86.ActiveCfg = Debug|Any CPU
		{8E26E559-572D-49A0-B93A-BC1654822304}.Debug|x86.Build.0 = Debug|Any CPU
		{8E26E559-572D-49A0-B93A-BC1654822304}.Release|Any CPU.ActiveCfg = Release|Any CPU
		{8E26E559-572D-49A0-B93A-BC1654822304}.Release|Any CPU.Build.0 = Release|Any CPU
		{8E26E559-572D-49A0-B93A-BC1654822304}.Release|x64.ActiveCfg = Release|Any CPU
		{8E26E559-572D-49A0-B93A-BC1654822304}.Release|x64.Build.0 = Release|Any CPU
		{8E26E559-572D-49A0-B93A-BC1654822304}.Release|x86.ActiveCfg = Release|Any CPU
		{8E26E559-572D-49A0-B93A-BC1654822304}.Release|x86.Build.0 = Release|Any CPU
		{FE46BC68-97B9-03A8-EFB6-87E3D8C0F33A}.Debug|Any CPU.ActiveCfg = Debug|Any CPU
		{FE46BC68-97B9-03A8-EFB6-87E3D8C0F33A}.Debug|Any CPU.Build.0 = Debug|Any CPU
		{FE46BC68-97B9-03A8-EFB6-87E3D8C0F33A}.Debug|x64.ActiveCfg = Debug|Any CPU
		{FE46BC68-97B9-03A8-EFB6-87E3D8C0F33A}.Debug|x64.Build.0 = Debug|Any CPU
		{FE46BC68-97B9-03A8-EFB6-87E3D8C0F33A}.Debug|x86.ActiveCfg = Debug|Any CPU
		{FE46BC68-97B9-03A8-EFB6-87E3D8C0F33A}.Debug|x86.Build.0 = Debug|Any CPU
		{FE46BC68-97B9-03A8-EFB6-87E3D8C0F33A}.Release|Any CPU.ActiveCfg = Release|Any CPU
		{FE46BC68-97B9-03A8-EFB6-87E3D8C0F33A}.Release|Any CPU.Build.0 = Release|Any CPU
		{FE46BC68-97B9-03A8-EFB6-87E3D8C0F33A}.Release|x64.ActiveCfg = Release|Any CPU
		{FE46BC68-97B9-03A8-EFB6-87E3D8C0F33A}.Release|x64.Build.0 = Release|Any CPU
		{FE46BC68-97B9-03A8-EFB6-87E3D8C0F33A}.Release|x86.ActiveCfg = Release|Any CPU
		{FE46BC68-97B9-03A8-EFB6-87E3D8C0F33A}.Release|x86.Build.0 = Release|Any CPU
		{485A36C5-2AAD-49EC-B373-B551EF3F47DC}.Debug|Any CPU.ActiveCfg = Debug|Any CPU
		{485A36C5-2AAD-49EC-B373-B551EF3F47DC}.Debug|Any CPU.Build.0 = Debug|Any CPU
		{485A36C5-2AAD-49EC-B373-B551EF3F47DC}.Debug|x64.ActiveCfg = Debug|Any CPU
		{485A36C5-2AAD-49EC-B373-B551EF3F47DC}.Debug|x64.Build.0 = Debug|Any CPU
		{485A36C5-2AAD-49EC-B373-B551EF3F47DC}.Debug|x86.ActiveCfg = Debug|Any CPU
		{485A36C5-2AAD-49EC-B373-B551EF3F47DC}.Debug|x86.Build.0 = Debug|Any CPU
		{485A36C5-2AAD-49EC-B373-B551EF3F47DC}.Release|Any CPU.ActiveCfg = Release|Any CPU
		{485A36C5-2AAD-49EC-B373-B551EF3F47DC}.Release|Any CPU.Build.0 = Release|Any CPU
		{485A36C5-2AAD-49EC-B373-B551EF3F47DC}.Release|x64.ActiveCfg = Release|Any CPU
		{485A36C5-2AAD-49EC-B373-B551EF3F47DC}.Release|x64.Build.0 = Release|Any CPU
		{485A36C5-2AAD-49EC-B373-B551EF3F47DC}.Release|x86.ActiveCfg = Release|Any CPU
		{485A36C5-2AAD-49EC-B373-B551EF3F47DC}.Release|x86.Build.0 = Release|Any CPU
		{77588234-FD60-4071-9362-89B447D2A5E7}.Debug|Any CPU.ActiveCfg = Debug|Any CPU
		{77588234-FD60-4071-9362-89B447D2A5E7}.Debug|Any CPU.Build.0 = Debug|Any CPU
		{77588234-FD60-4071-9362-89B447D2A5E7}.Debug|x64.ActiveCfg = Debug|Any CPU
		{77588234-FD60-4071-9362-89B447D2A5E7}.Debug|x64.Build.0 = Debug|Any CPU
		{77588234-FD60-4071-9362-89B447D2A5E7}.Debug|x86.ActiveCfg = Debug|Any CPU
		{77588234-FD60-4071-9362-89B447D2A5E7}.Debug|x86.Build.0 = Debug|Any CPU
		{77588234-FD60-4071-9362-89B447D2A5E7}.Release|Any CPU.ActiveCfg = Release|Any CPU
		{77588234-FD60-4071-9362-89B447D2A5E7}.Release|Any CPU.Build.0 = Release|Any CPU
		{77588234-FD60-4071-9362-89B447D2A5E7}.Release|x64.ActiveCfg = Release|Any CPU
		{77588234-FD60-4071-9362-89B447D2A5E7}.Release|x64.Build.0 = Release|Any CPU
		{77588234-FD60-4071-9362-89B447D2A5E7}.Release|x86.ActiveCfg = Release|Any CPU
		{77588234-FD60-4071-9362-89B447D2A5E7}.Release|x86.Build.0 = Release|Any CPU
		{3EC4FF59-596B-46A3-AB84-F952B4A664A1}.Debug|Any CPU.ActiveCfg = Debug|Any CPU
		{3EC4FF59-596B-46A3-AB84-F952B4A664A1}.Debug|Any CPU.Build.0 = Debug|Any CPU
		{3EC4FF59-596B-46A3-AB84-F952B4A664A1}.Debug|x64.ActiveCfg = Debug|Any CPU
		{3EC4FF59-596B-46A3-AB84-F952B4A664A1}.Debug|x64.Build.0 = Debug|Any CPU
		{3EC4FF59-596B-46A3-AB84-F952B4A664A1}.Debug|x86.ActiveCfg = Debug|Any CPU
		{3EC4FF59-596B-46A3-AB84-F952B4A664A1}.Debug|x86.Build.0 = Debug|Any CPU
		{3EC4FF59-596B-46A3-AB84-F952B4A664A1}.Release|Any CPU.ActiveCfg = Release|Any CPU
		{3EC4FF59-596B-46A3-AB84-F952B4A664A1}.Release|Any CPU.Build.0 = Release|Any CPU
		{3EC4FF59-596B-46A3-AB84-F952B4A664A1}.Release|x64.ActiveCfg = Release|Any CPU
		{3EC4FF59-596B-46A3-AB84-F952B4A664A1}.Release|x64.Build.0 = Release|Any CPU
		{3EC4FF59-596B-46A3-AB84-F952B4A664A1}.Release|x86.ActiveCfg = Release|Any CPU
		{3EC4FF59-596B-46A3-AB84-F952B4A664A1}.Release|x86.Build.0 = Release|Any CPU
	EndGlobalSection
	GlobalSection(SolutionProperties) = preSolution
		HideSolutionNode = FALSE
	EndGlobalSection
EndGlobal
